
Microsoft Visual Studio Solution File, Format Version 12.00
# Visual Studio 15
Project("{FAE04EC0-301F-11D3-BF4B-00C04F79EFBC}") = "ConsolaSerial", "ConsolaSerial\ConsolaSerial.csproj", "{DE1B6113-7C6D-4182-B64E-D2B2A58D9870}"
EndProject
Global
	GlobalSection(SolutionConfigurationPlatforms) = preSolution
		Debug|Any CPU = Debug|Any CPU
		Release|Any CPU = Release|Any CPU
	EndGlobalSection
	GlobalSection(ProjectConfigurationPlatforms) = postSolution
		{DE1B6113-7C6D-4182-B64E-D2B2A58D9870}.Debug|Any CPU.ActiveCfg = Debug|Any CPU
		{DE1B6113-7C6D-4182-B64E-D2B2A58D9870}.Debug|Any CPU.Build.0 = Debug|Any CPU
		{DE1B6113-7C6D-4182-B64E-D2B2A58D9870}.Release|Any CPU.ActiveCfg = Release|Any CPU
		{DE1B6113-7C6D-4182-B64E-D2B2A58D9870}.Release|Any CPU.Build.0 = Release|Any CPU
	EndGlobalSection
EndGlobal
